Microsoft Visual Studio Solution File, Format Version 12.00
# Visual Studio Version 17
VisualStudioVersion = 17.5.2.0
MinimumVisualStudioVersion = 10.0.40219.1
Project("{FAE04EC0-301F-11D3-BF4B-00C04F79EFBC}") = "ArviaBackEnd", "ArviaBackEnd.csproj", "{5467EF29-E603-3B0C-73DE-52360A9C779B}"
EndProject
Global
	GlobalSection(SolutionConfigurationPlatforms) = preSolution
		Debug|Any CPU = Debug|Any CPU
		Release|Any CPU = Release|Any CPU
	EndGlobalSection
	GlobalSection(ProjectConfigurationPlatforms) = postSolution
		{5467EF29-E603-3B0C-73DE-52360A9C779B}.Debug|Any CPU.ActiveCfg = Debug|Any CPU
		{5467EF29-E603-3B0C-73DE-52360A9C779B}.Debug|Any CPU.Build.0 = Debug|Any CPU
		{5467EF29-E603-3B0C-73DE-52360A9C779B}.Release|Any CPU.ActiveCfg = Release|Any CPU
		{5467EF29-E603-3B0C-73DE-52360A9C779B}.Release|Any CPU.Build.0 = Release|Any CPU
	EndGlobalSection
	GlobalSection(SolutionProperties) = preSolution
		HideSolutionNode = FALSE
	EndGlobalSection
	GlobalSection(ExtensibilityGlobals) = postSolution
		SolutionGuid = {6BA89590-36A6-419A-AE6B-F65DB74A82C8}
	EndGlobalSection
EndGlobal
